
Microsoft Visual Studio Solution File, Format Version 12.00
# Visual Studio Version 17
VisualStudioVersion = 17.13.35931.197 d17.13
MinimumVisualStudioVersion = 10.0.40219.1
Project("{FAE04EC0-301F-11D3-BF4B-00C04F79EFBC}") = "Taxisystem", "Taxisystem.csproj", "{55A4E031-4765-43C1-849A-D131BC2EF9A2}"
EndProject
Global
	GlobalSection(SolutionConfigurationPlatforms) = preSolution
		Debug|Any CPU = Debug|Any CPU
		Release|Any CPU = Release|Any CPU
	EndGlobalSection
	GlobalSection(ProjectConfigurationPlatforms) = postSolution
		{55A4E031-4765-43C1-849A-D131BC2EF9A2}.Debug|Any CPU.ActiveCfg = Debug|Any CPU
		{55A4E031-4765-43C1-849A-D131BC2EF9A2}.Debug|Any CPU.Build.0 = Debug|Any CPU
		{55A4E031-4765-43C1-849A-D131BC2EF9A2}.Release|Any CPU.ActiveCfg = Release|Any CPU
		{55A4E031-4765-43C1-849A-D131BC2EF9A2}.Release|Any CPU.Build.0 = Release|Any CPU
	EndGlobalSection
	GlobalSection(SolutionProperties) = preSolution
		HideSolutionNode = FALSE
	EndGlobalSection
	GlobalSection(ExtensibilityGlobals) = postSolution
		SolutionGuid = {CE535855-1884-43E9-9046-B17218EEDCA0}
	EndGlobalSection
EndGlobal
